
Microsoft Visual Studio Solution File, Format Version 12.00
# Visual Studio Version 17
VisualStudioVersion = 17.0.31903.59
MinimumVisualStudioVersion = 10.0.40219.1
Project("{FAE04EC0-301F-11D3-BF4B-00C04F79EFBC}") = "API", "API\API.csproj", "{C46CBBC5-C161-4A1C-AC3A-60CC1BACD62B}"
EndProject
Project("{FAE04EC0-301F-11D3-BF4B-00C04F79EFBC}") = "Core", "Core\Core.csproj", "{F073F9BC-3BE8-4025-A12F-869385052160}"
EndProject
Project("{FAE04EC0-301F-11D3-BF4B-00C04F79EFBC}") = "Infrastructure", "Infrastructure\Infrastructure.csproj", "{98A75792-ADA8-4091-BD9E-C3F8403642DA}"
EndProject
Global
	GlobalSection(SolutionConfigurationPlatforms) = preSolution
		Debug|Any CPU = Debug|Any CPU
		Release|Any CPU = Release|Any CPU
	EndGlobalSection
	GlobalSection(SolutionProperties) = preSolution
		HideSolutionNode = FALSE
	EndGlobalSection
	GlobalSection(ProjectConfigurationPlatforms) = postSolution
		{C46CBBC5-C161-4A1C-AC3A-60CC1BACD62B}.Debug|Any CPU.ActiveCfg = Debug|Any CPU
		{C46CBBC5-C161-4A1C-AC3A-60CC1BACD62B}.Debug|Any CPU.Build.0 = Debug|Any CPU
		{C46CBBC5-C161-4A1C-AC3A-60CC1BACD62B}.Release|Any CPU.ActiveCfg = Release|Any CPU
		{C46CBBC5-C161-4A1C-AC3A-60CC1BACD62B}.Release|Any CPU.Build.0 = Release|Any CPU
		{F073F9BC-3BE8-4025-A12F-869385052160}.Debug|Any CPU.ActiveCfg = Debug|Any CPU
		{F073F9BC-3BE8-4025-A12F-869385052160}.Debug|Any CPU.Build.0 = Debug|Any CPU
		{F073F9BC-3BE8-4025-A12F-869385052160}.Release|Any CPU.ActiveCfg = Release|Any CPU
		{F073F9BC-3BE8-4025-A12F-869385052160}.Release|Any CPU.Build.0 = Release|Any CPU
		{98A75792-ADA8-4091-BD9E-C3F8403642DA}.Debug|Any CPU.ActiveCfg = Debug|Any CPU
		{98A75792-ADA8-4091-BD9E-C3F8403642DA}.Debug|Any CPU.Build.0 = Debug|Any CPU
		{98A75792-ADA8-4091-BD9E-C3F8403642DA}.Release|Any CPU.ActiveCfg = Release|Any CPU
		{98A75792-ADA8-4091-BD9E-C3F8403642DA}.Release|Any CPU.Build.0 = Release|Any CPU
	EndGlobalSection
EndGlobal
